// !$*UTF8*$!
{
	archiveVersion = 1;
	classes = {};
	objectVersion = 56;
	objects = {
		CAAA15851 /* CatalogItem.swift */ = {isa = PBXFileReference; lastKnownFileType = sourcecode.swift; path = CatalogItem.swift; sourceTree = "<group>"; };
		C537A1153 /* HexColor.swift */ = {isa = PBXFileReference; lastKnownFileType = sourcecode.swift; path = HexColor.swift; sourceTree = "<group>"; };
		CA8293517 /* HomeParser.swift */ = {isa = PBXFileReference; lastKnownFileType = sourcecode.swift; path = HomeParser.swift; sourceTree = "<group>"; };
		C193659A2 /* LibraryStore.swift */ = {isa = PBXFileReference; lastKnownFileType = sourcecode.swift; path = LibraryStore.swift; sourceTree = "<group>"; };
		C352569A1 /* LyricCueParser.swift */ = {isa = PBXFileReference; lastKnownFileType = sourcecode.swift; path = LyricCueParser.swift; sourceTree = "<group>"; };
		C46772867 /* ManifestModels.swift */ = {isa = PBXFileReference; lastKnownFileType = sourcecode.swift; path = ManifestModels.swift; sourceTree = "<group>"; };
		C685AA344 /* ManifestParser.swift */ = {isa = PBXFileReference; lastKnownFileType = sourcecode.swift; path = ManifestParser.swift; sourceTree = "<group>"; };
		C59652825 /* SourceChecker.swift */ = {isa = PBXFileReference; lastKnownFileType = sourcecode.swift; path = SourceChecker.swift; sourceTree = "<group>"; };
		C4678A85A /* SourceLock.swift */ = {isa = PBXFileReference; lastKnownFileType = sourcecode.swift; path = SourceLock.swift; sourceTree = "<group>"; };
		AA1776665 /* AppModel.swift */ = {isa = PBXFileReference; lastKnownFileType = sourcecode.swift; path = AppModel.swift; sourceTree = "<group>"; };
		A3593AA41 /* ComicReaderView.swift */ = {isa = PBXFileReference; lastKnownFileType = sourcecode.swift; path = ComicReaderView.swift; sourceTree = "<group>"; };
		A77518928 /* DetailView.swift */ = {isa = PBXFileReference; lastKnownFileType = sourcecode.swift; path = DetailView.swift; sourceTree = "<group>"; };
		A8493A418 /* FolderImportView.swift */ = {isa = PBXFileReference; lastKnownFileType = sourcecode.swift; path = FolderImportView.swift; sourceTree = "<group>"; };
		A7153131A /* MeineApp.swift */ = {isa = PBXFileReference; lastKnownFileType = sourcecode.swift; path = MeineApp.swift; sourceTree = "<group>"; };
		A95682158 /* MusicPlayerView.swift */ = {isa = PBXFileReference; lastKnownFileType = sourcecode.swift; path = MusicPlayerView.swift; sourceTree = "<group>"; };
		A89186536 /* RootView.swift */ = {isa = PBXFileReference; lastKnownFileType = sourcecode.swift; path = RootView.swift; sourceTree = "<group>"; };
		A6197A833 /* SettingsTab.swift */ = {isa = PBXFileReference; lastKnownFileType = sourcecode.swift; path = SettingsTab.swift; sourceTree = "<group>"; };
		A5679126A /* ShareAdapters.swift */ = {isa = PBXFileReference; lastKnownFileType = sourcecode.swift; path = ShareAdapters.swift; sourceTree = "<group>"; };
		A2458966A /* SourceHomeView.swift */ = {isa = PBXFileReference; lastKnownFileType = sourcecode.swift; path = SourceHomeView.swift; sourceTree = "<group>"; };
		A34897167 /* TextReaderView.swift */ = {isa = PBXFileReference; lastKnownFileType = sourcecode.swift; path = TextReaderView.swift; sourceTree = "<group>"; };
		A7AA493A8 /* Theme.swift */ = {isa = PBXFileReference; lastKnownFileType = sourcecode.swift; path = Theme.swift; sourceTree = "<group>"; };
		A35539543 /* VideoPlayerScreen.swift */ = {isa = PBXFileReference; lastKnownFileType = sourcecode.swift; path = VideoPlayerScreen.swift; sourceTree = "<group>"; };
		INF0 /* Info.plist */ = {isa = PBXFileReference; lastKnownFileType = text.plist.xml; path = Info.plist; sourceTree = "<group>"; };
		AST1 /* Assets.xcassets */ = {isa = PBXFileReference; lastKnownFileType = folder.assetcatalog; path = Assets.xcassets; sourceTree = "<group>"; };
		APP0 /* Meine.app */ = {isa = PBXFileReference; explicitFileType = wrapper.application; includeInIndex = 0; path = Meine.app; sourceTree = BUILT_PRODUCTS_DIR; };
		FAVF /* AVFoundation.framework */ = {isa = PBXFileReference; lastKnownFileType = wrapper.framework; name = AVFoundation.framework; path = System/Library/Frameworks/AVFoundation.framework; sourceTree = SDKROOT; };
		LAVF /* AVFoundation.framework in Frameworks */ = {isa = PBXBuildFile; fileRef = FAVF; };
		FAVK /* AVKit.framework */ = {isa = PBXFileReference; lastKnownFileType = wrapper.framework; name = AVKit.framework; path = System/Library/Frameworks/AVKit.framework; sourceTree = SDKROOT; };
		LAVK /* AVKit.framework in Frameworks */ = {isa = PBXBuildFile; fileRef = FAVK; };
		FMED /* MediaPlayer.framework */ = {isa = PBXFileReference; lastKnownFileType = wrapper.framework; name = MediaPlayer.framework; path = System/Library/Frameworks/MediaPlayer.framework; sourceTree = SDKROOT; };
		LMED /* MediaPlayer.framework in Frameworks */ = {isa = PBXBuildFile; fileRef = FMED; };
		FCRY /* CryptoKit.framework */ = {isa = PBXFileReference; lastKnownFileType = wrapper.framework; name = CryptoKit.framework; path = System/Library/Frameworks/CryptoKit.framework; sourceTree = SDKROOT; };
		LCRY /* CryptoKit.framework in Frameworks */ = {isa = PBXBuildFile; fileRef = FCRY; };
		BAAA15851 /* CatalogItem.swift in Sources */ = {isa = PBXBuildFile; fileRef = CAAA15851; };
		B537A1153 /* HexColor.swift in Sources */ = {isa = PBXBuildFile; fileRef = C537A1153; };
		BA8293517 /* HomeParser.swift in Sources */ = {isa = PBXBuildFile; fileRef = CA8293517; };
		B193659A2 /* LibraryStore.swift in Sources */ = {isa = PBXBuildFile; fileRef = C193659A2; };
		B352569A1 /* LyricCueParser.swift in Sources */ = {isa = PBXBuildFile; fileRef = C352569A1; };
		B46772867 /* ManifestModels.swift in Sources */ = {isa = PBXBuildFile; fileRef = C46772867; };
		B685AA344 /* ManifestParser.swift in Sources */ = {isa = PBXBuildFile; fileRef = C685AA344; };
		B59652825 /* SourceChecker.swift in Sources */ = {isa = PBXBuildFile; fileRef = C59652825; };
		B4678A85A /* SourceLock.swift in Sources */ = {isa = PBXBuildFile; fileRef = C4678A85A; };
		BA1776665 /* AppModel.swift in Sources */ = {isa = PBXBuildFile; fileRef = AA1776665; };
		B3593AA41 /* ComicReaderView.swift in Sources */ = {isa = PBXBuildFile; fileRef = A3593AA41; };
		B77518928 /* DetailView.swift in Sources */ = {isa = PBXBuildFile; fileRef = A77518928; };
		B8493A418 /* FolderImportView.swift in Sources */ = {isa = PBXBuildFile; fileRef = A8493A418; };
		B7153131A /* MeineApp.swift in Sources */ = {isa = PBXBuildFile; fileRef = A7153131A; };
		B95682158 /* MusicPlayerView.swift in Sources */ = {isa = PBXBuildFile; fileRef = A95682158; };
		B89186536 /* RootView.swift in Sources */ = {isa = PBXBuildFile; fileRef = A89186536; };
		B6197A833 /* SettingsTab.swift in Sources */ = {isa = PBXBuildFile; fileRef = A6197A833; };
		B5679126A /* ShareAdapters.swift in Sources */ = {isa = PBXBuildFile; fileRef = A5679126A; };
		B2458966A /* SourceHomeView.swift in Sources */ = {isa = PBXBuildFile; fileRef = A2458966A; };
		B34897167 /* TextReaderView.swift in Sources */ = {isa = PBXBuildFile; fileRef = A34897167; };
		B7AA493A8 /* Theme.swift in Sources */ = {isa = PBXBuildFile; fileRef = A7AA493A8; };
		B35539543 /* VideoPlayerScreen.swift in Sources */ = {isa = PBXBuildFile; fileRef = A35539543; };
		GCORE /* MeineCore */ = {isa = PBXGroup; children = (CAAA15851, C537A1153, CA8293517, C193659A2, C352569A1, C46772867, C685AA344, C59652825, C4678A85A); path = Sources/MeineCore; sourceTree = "<group>"; };
		GAPP /* MeineApp */ = {isa = PBXGroup; children = (AA1776665, A3593AA41, A77518928, A8493A418, A7153131A, A95682158, A89186536, A6197A833, A5679126A, A2458966A, A34897167, A7AA493A8, A35539543, INF0, AST1); path = MeineApp; sourceTree = "<group>"; };
		GFRM /* Frameworks */ = {isa = PBXGroup; children = (FAVF, FAVK, FMED, FCRY); name = Frameworks; sourceTree = "<group>"; };
		GROOT /* */ = {isa = PBXGroup; children = (GCORE, GAPP, GFRM, APP0); sourceTree = "<group>"; };
		SRC1 /* Sources */ = {isa = PBXSourcesBuildPhase; buildActionMask = 2147483647; files = (BAAA15851, B537A1153, BA8293517, B193659A2, B352569A1, B46772867, B685AA344, B59652825, B4678A85A, BA1776665, B3593AA41, B77518928, B8493A418, B7153131A, B95682158, B89186536, B6197A833, B5679126A, B2458966A, B34897167, B7AA493A8, B35539543); runOnlyForDeploymentPostprocessing = 0; };
		RES1 /* Resources */ = {isa = PBXResourcesBuildPhase; buildActionMask = 2147483647; files = (RAST); runOnlyForDeploymentPostprocessing = 0; };
		RAST /* Assets.xcassets in Resources */ = {isa = PBXBuildFile; fileRef = AST1; };
		FRM1 /* Frameworks */ = {isa = PBXFrameworksBuildPhase; buildActionMask = 2147483647; files = (LAVF, LAVK, LMED, LCRY); runOnlyForDeploymentPostprocessing = 0; };
		PDBG /* Debug */ = {
			isa = XCBuildConfiguration;
			buildSettings = {
				ALWAYS_SEARCH_USER_PATHS = NO;
				CLANG_ENABLE_OBJC_ARC = YES;
				SDKROOT = iphoneos;
				IPHONEOS_DEPLOYMENT_TARGET = 17.0;
				SWIFT_VERSION = 5.0;
				TARGETED_DEVICE_FAMILY = "1,2";
				ENABLE_USER_SCRIPT_SANDBOXING = NO;
			};
			name = Debug;
		};
		PREL /* Release */ = {
			isa = XCBuildConfiguration;
			buildSettings = {
				ALWAYS_SEARCH_USER_PATHS = NO;
				CLANG_ENABLE_OBJC_ARC = YES;
				SDKROOT = iphoneos;
				IPHONEOS_DEPLOYMENT_TARGET = 17.0;
				SWIFT_VERSION = 5.0;
				TARGETED_DEVICE_FAMILY = "1,2";
				ENABLE_USER_SCRIPT_SANDBOXING = NO;
			};
			name = Release;
		};
		TDBG /* Debug */ = {
			isa = XCBuildConfiguration;
			buildSettings = {
				CODE_SIGNING_ALLOWED = NO;
				CODE_SIGN_IDENTITY = "";
				CODE_SIGNING_REQUIRED = NO;
				GENERATE_INFOPLIST_FILE = NO;
				INFOPLIST_FILE = MeineApp/Info.plist;
				CODE_SIGN_ENTITLEMENTS = "";
				ENABLE_PREVIEWS = NO;
				ENABLE_ON_DEMAND_RESOURCES = NO;
				ASSETCATALOG_COMPILER_GENERATE_SWIFT_ASSET_SYMBOLS = NO;
				ASSETCATALOG_COMPILER_GENERATE_SWIFT_ASSET_SYMBOL_EXTENSIONS = NO;
				ENABLE_USER_SCRIPT_SANDBOXING = NO;
				COMPILER_INDEX_STORE_ENABLE = NO;
				PRODUCT_BUNDLE_IDENTIFIER = local.meine.app;
				PRODUCT_NAME = Meine;
				IPHONEOS_DEPLOYMENT_TARGET = 17.0;
				SDKROOT = iphoneos;
				TARGETED_DEVICE_FAMILY = "1,2";
				SWIFT_VERSION = 5.0;
				LD_RUNPATH_SEARCH_PATHS = "$(inherited) @executable_path/Frameworks";
				ASSETCATALOG_COMPILER_APPICON_NAME = AppIcon;
				ASSETCATALOG_COMPILER_GLOBAL_ACCENT_COLOR_NAME = AccentColor;
			};
			name = Debug;
		};
		TREL /* Release */ = {
			isa = XCBuildConfiguration;
			buildSettings = {
				CODE_SIGNING_ALLOWED = NO;
				CODE_SIGN_IDENTITY = "";
				CODE_SIGNING_REQUIRED = NO;
				GENERATE_INFOPLIST_FILE = NO;
				INFOPLIST_FILE = MeineApp/Info.plist;
				CODE_SIGN_ENTITLEMENTS = "";
				ENABLE_PREVIEWS = NO;
				ENABLE_ON_DEMAND_RESOURCES = NO;
				ASSETCATALOG_COMPILER_GENERATE_SWIFT_ASSET_SYMBOLS = NO;
				ASSETCATALOG_COMPILER_GENERATE_SWIFT_ASSET_SYMBOL_EXTENSIONS = NO;
				ENABLE_USER_SCRIPT_SANDBOXING = NO;
				COMPILER_INDEX_STORE_ENABLE = NO;
				PRODUCT_BUNDLE_IDENTIFIER = local.meine.app;
				PRODUCT_NAME = Meine;
				IPHONEOS_DEPLOYMENT_TARGET = 17.0;
				SDKROOT = iphoneos;
				TARGETED_DEVICE_FAMILY = "1,2";
				SWIFT_VERSION = 5.0;
				LD_RUNPATH_SEARCH_PATHS = "$(inherited) @executable_path/Frameworks";
				ASSETCATALOG_COMPILER_APPICON_NAME = AppIcon;
				ASSETCATALOG_COMPILER_GLOBAL_ACCENT_COLOR_NAME = AccentColor;
			};
			name = Release;
		};
		LPRJ /* list */ = {isa = XCConfigurationList; buildConfigurations = (PDBG, PREL); defaultConfigurationIsVisible = 0; defaultConfigurationName = Release; };
		LTGT /* list */ = {isa = XCConfigurationList; buildConfigurations = (TDBG, TREL); defaultConfigurationIsVisible = 0; defaultConfigurationName = Release; };
		TGT1 /* Meine */ = {isa = PBXNativeTarget; buildConfigurationList = LTGT; buildPhases = (SRC1, FRM1, RES1); buildRules = (); dependencies = (); name = Meine; productName = Meine; productReference = APP0; productType = "com.apple.product-type.application"; };
		PRJ1 /* Project object */ = {isa = PBXProject; attributes = {LastUpgradeCheck = 1500; }; buildConfigurationList = LPRJ; compatibilityVersion = "Xcode 14.0"; developmentRegion = vi; hasScannedForEncodings = 0; knownRegions = (vi, en); mainGroup = GROOT; productRefGroup = GROOT; projectDirPath = ""; projectRoot = ""; targets = (TGT1); };
	};
	rootObject = PRJ1;
}
